// !$*UTF8*$!
{
	archiveVersion = 1;
	classes = {
	};
	objectVersion = 46;
	objects = {

/* Begin PBXBuildFile section */
		84BBA1E12015C8B60014963F /* AppDelegate.swift in Sources */ = {isa = PBXBuildFile; fileRef = 84BBA1E02015C8B60014963F /* AppDelegate.swift */; };
		84BBA1E32015C8B60014963F /* ViewController.swift in Sources */ = {isa = PBXBuildFile; fileRef = 84BBA1E22015C8B60014963F /* ViewController.swift */; };
		84BBA1E62015C8B60014963F /* Main.storyboard in Resources */ = {isa = PBXBuildFile; fileRef = 84BBA1E42015C8B60014963F /* Main.storyboard */; };
		84BBA1E82015C8B60014963F /* Assets.xcassets in Resources */ = {isa = PBXBuildFile; fileRef = 84BBA1E72015C8B60014963F /* Assets.xcassets */; };
		84BBA1EB2015C8B60014963F /* LaunchScreen.storyboard in Resources */ = {isa = PBXBuildFile; fileRef = 84BBA1E92015C8B60014963F /* LaunchScreen.storyboard */; };
		84BBA1F62015C8B60014963F /* APMapAnnotationTests.swift in Sources */ = {isa = PBXBuildFile; fileRef = 84BBA1F52015C8B60014963F /* APMapAnnotationTests.swift */; };
		84BBA2012015C8B60014963F /* APMapAnnotationUITests.swift in Sources */ = {isa = PBXBuildFile; fileRef = 84BBA2002015C8B60014963F /* APMapAnnotationUITests.swift */; };
/* End PBXBuildFile section */

/* Begin PBXContainerItemProxy section */
		84BBA1F22015C8B60014963F /* PBXContainerItemProxy */ = {
			isa = PBXContainerItemProxy;
			containerPortal = 84BBA1D52015C8B60014963F /* Project object */;
			proxyType = 1;
			remoteGlobalIDString = 84BBA1DC2015C8B60014963F;
			remoteInfo = APMapAnnotation;
		};
		84BBA1FD2015C8B60014963F /* PBXContainerItemProxy */ = {
			isa = PBXContainerItemProxy;
			containerPortal = 84BBA1D52015C8B60014963F /* Project object */;
			proxyType = 1;
			remoteGlobalIDString = 84BBA1DC2015C8B60014963F;
			remoteInfo = APMapAnnotation;
		};
/* End PBXContainerItemProxy section */

/* Begin PBXFileReference section */
		84BBA1DD2015C8B60014963F /* APMapAnnotation.app */ = {isa = PBXFileReference; explicitFileType = wrapper.application; includeInIndex = 0; path = APMapAnnotation.app; sourceTree = BUILT_PRODUCTS_DIR; };
		84BBA1E02015C8B60014963F /* AppDelegate.swift */ = {isa = PBXFileReference; lastKnownFileType = sourcecode.swift; path = AppDelegate.swift; sourceTree = "<group>"; };
		84BBA1E22015C8B60014963F /* ViewController.swift */ = {isa = PBXFileReference; lastKnownFileType = sourcecode.swift; path = ViewController.swift; sourceTree = "<group>"; };
		84BBA1E52015C8B60014963F /* Base */ = {isa = PBXFileReference; lastKnownFileType = file.storyboard; name = Base; path = Base.lproj/Main.storyboard; sourceTree = "<group>"; };
		84BBA1E72015C8B60014963F /* Assets.xcassets */ = {isa = PBXFileReference; lastKnownFileType = folder.assetcatalog; path = Assets.xcassets; sourceTree = "<group>"; };
		84BBA1EA2015C8B60014963F /* Base */ = {isa = PBXFileReference; lastKnownFileType = file.storyboard; name = Base; path = Base.lproj/LaunchScreen.storyboard; sourceTree = "<group>"; };
		84BBA1EC2015C8B60014963F /* Info.plist */ = {isa = PBXFileReference; lastKnownFileType = text.plist.xml; path = Info.plist; sourceTree = "<group>"; };
		84BBA1F12015C8B60014963F /* APMapAnnotationTests.xctest */ = {isa = PBXFileReference; explicitFileType = wrapper.cfbundle; includeInIndex = 0; path = APMapAnnotationTests.xctest; sourceTree = BUILT_PRODUCTS_DIR; };
		84BBA1F52015C8B60014963F /* APMapAnnotationTests.swift */ = {isa = PBXFileReference; lastKnownFileType = sourcecode.swift; path = APMapAnnotationTests.swift; sourceTree = "<group>"; };
		84BBA1F72015C8B60014963F /* Info.plist */ = {isa = PBXFileReference; lastKnownFileType = text.plist.xml; path = Info.plist; sourceTree = "<group>"; };
		84BBA1FC2015C8B60014963F /* APMapAnnotationUITests.xctest */ = {isa = PBXFileReference; explicitFileType = wrapper.cfbundle; includeInIndex = 0; path = APMapAnnotationUITests.xctest; sourceTree = BUILT_PRODUCTS_DIR; };
		84BBA2002015C8B60014963F /* APMapAnnotationUITests.swift */ = {isa = PBXFileReference; lastKnownFileType = sourcecode.swift; path = APMapAnnotationUITests.swift; sourceTree = "<group>"; };
		84BBA2022015C8B60014963F /* Info.plist */ = {isa = PBXFileReference; lastKnownFileType = text.plist.xml; path = Info.plist; sourceTree = "<group>"; };
/* End PBXFileReference section */

/* Begin PBXFrameworksBuildPhase section */
		84BBA1DA2015C8B60014963F /* Frameworks */ = {
			isa = PBXFrameworksBuildPhase;
			buildActionMask = 2147483647;
			files = (
			);
			runOnlyForDeploymentPostprocessing = 0;
		};
		84BBA1EE2015C8B60014963F /* Frameworks */ = {
			isa = PBXFrameworksBuildPhase;
			buildActionMask = 2147483647;
			files = (
			);
			runOnlyForDeploymentPostprocessing = 0;
		};
		84BBA1F92015C8B60014963F /* Frameworks */ = {
			isa = PBXFrameworksBuildPhase;
			buildActionMask = 2147483647;
			files = (
			);
			runOnlyForDeploymentPostprocessing = 0;
		};
/* End PBXFrameworksBuildPhase section */

/* Begin PBXGroup section */
		84BBA1D42015C8B60014963F = {
			isa = PBXGroup;
			children = (
				84BBA1DF2015C8B60014963F /* APMapAnnotation */,
				84BBA1F42015C8B60014963F /* APMapAnnotationTests */,
				84BBA1FF2015C8B60014963F /* APMapAnnotationUITests */,
				84BBA1DE2015C8B60014963F /* Products */,
			);
			sourceTree = "<group>";
		};
		84BBA1DE2015C8B60014963F /* Products */ = {
			isa = PBXGroup;
			children = (
				84BBA1DD2015C8B60014963F /* APMapAnnotation.app */,
				84BBA1F12015C8B60014963F /* APMapAnnotationTests.xctest */,
				84BBA1FC2015C8B60014963F /* APMapAnnotationUITests.xctest */,
			);
			name = Products;
			sourceTree = "<group>";
		};
		84BBA1DF2015C8B60014963F /* APMapAnnotation */ = {
			isa = PBXGroup;
			children = (
				84BBA1E02015C8B60014963F /* AppDelegate.swift */,
				84BBA1E22015C8B60014963F /* ViewController.swift */,
				84BBA1E42015C8B60014963F /* Main.storyboard */,
				84BBA1E72015C8B60014963F /* Assets.xcassets */,
				84BBA1E92015C8B60014963F /* LaunchScreen.storyboard */,
				84BBA1EC2015C8B60014963F /* Info.plist */,
			);
			path = APMapAnnotation;
			sourceTree = "<group>";
		};
		84BBA1F42015C8B60014963F /* APMapAnnotationTests */ = {
			isa = PBXGroup;
			children = (
				84BBA1F52015C8B60014963F /* APMapAnnotationTests.swift */,
				84BBA1F72015C8B60014963F /* Info.plist */,
			);
			path = APMapAnnotationTests;
			sourceTree = "<group>";
		};
		84BBA1FF2015C8B60014963F /* APMapAnnotationUITests */ = {
			isa = PBXGroup;
			children = (
				84BBA2002015C8B60014963F /* APMapAnnotationUITests.swift */,
				84BBA2022015C8B60014963F /* Info.plist */,
			);
			path = APMapAnnotationUITests;
			sourceTree = "<group>";
		};
/* End PBXGroup section */

/* Begin PBXNativeTarget section */
		84BBA1DC2015C8B60014963F /* APMapAnnotation */ = {
			isa = PBXNativeTarget;
			buildConfigurationList = 84BBA2052015C8B60014963F /* Build configuration list for PBXNativeTarget "APMapAnnotation" */;
			buildPhases = (
				84BBA1D92015C8B60014963F /* Sources */,
				84BBA1DA2015C8B60014963F /* Frameworks */,
				84BBA1DB2015C8B60014963F /* Resources */,
			);
			buildRules = (
			);
			dependencies = (
			);
			name = APMapAnnotation;
			productName = APMapAnnotation;
			productReference = 84BBA1DD2015C8B60014963F /* APMapAnnotation.app */;
			productType = "com.apple.product-type.application";
		};
		84BBA1F02015C8B60014963F /* APMapAnnotationTests */ = {
			isa = PBXNativeTarget;
			buildConfigurationList = 84BBA2082015C8B60014963F /* Build configuration list for PBXNativeTarget "APMapAnnotationTests" */;
			buildPhases = (
				84BBA1ED2015C8B60014963F /* Sources */,
				84BBA1EE2015C8B60014963F /* Frameworks */,
				84BBA1EF2015C8B60014963F /* Resources */,
			);
			buildRules = (
			);
			dependencies = (
				84BBA1F32015C8B60014963F /* PBXTargetDependency */,
			);
			name = APMapAnnotationTests;
			productName = APMapAnnotationTests;
			productReference = 84BBA1F12015C8B60014963F /* APMapAnnotationTests.xctest */;
			productType = "com.apple.product-type.bundle.unit-test";
		};
		84BBA1FB2015C8B60014963F /* APMapAnnotationUITests */ = {
			isa = PBXNativeTarget;
			buildConfigurationList = 84BBA20B2015C8B60014963F /* Build configuration list for PBXNativeTarget "APMapAnnotationUITests" */;
			buildPhases = (
				84BBA1F82015C8B60014963F /* Sources */,
				84BBA1F92015C8B60014963F /* Frameworks */,
				84BBA1FA2015C8B60014963F /* Resources */,
			);
			buildRules = (
			);
			dependencies = (
				84BBA1FE2015C8B60014963F /* PBXTargetDependency */,
			);
			name = APMapAnnotationUITests;
			productName = APMapAnnotationUITests;
			productReference = 84BBA1FC2015C8B60014963F /* APMapAnnotationUITests.xctest */;
			productType = "com.apple.product-type.bundle.ui-testing";
		};
/* End PBXNativeTarget section */

/* Begin PBXProject section */
		84BBA1D52015C8B60014963F /* Project object */ = {
			isa = PBXProject;
			attributes = {
				LastSwiftUpdateCheck = 0830;
				LastUpgradeCheck = 0830;
				ORGANIZATIONNAME = admin;
				TargetAttributes = {
					84BBA1DC2015C8B60014963F = {
						CreatedOnToolsVersion = 8.3.2;
						DevelopmentTeam = GL2KD24SJM;
						ProvisioningStyle = Automatic;
					};
					84BBA1F02015C8B60014963F = {
						CreatedOnToolsVersion = 8.3.2;
						DevelopmentTeam = GL2KD24SJM;
						ProvisioningStyle = Automatic;
						TestTargetID = 84BBA1DC2015C8B60014963F;
					};
					84BBA1FB2015C8B60014963F = {
						CreatedOnToolsVersion = 8.3.2;
						DevelopmentTeam = GL2KD24SJM;
						ProvisioningStyle = Automatic;
						TestTargetID = 84BBA1DC2015C8B60014963F;
					};
				};
			};
			buildConfigurationList = 84BBA1D82015C8B60014963F /* Build configuration list for PBXProject "APMapAnnotation" */;
			compatibilityVersion = "Xcode 3.2";
			developmentRegion = English;
			hasScannedForEncodings = 0;
			knownRegions = (
				en,
				Base,
			);
			mainGroup = 84BBA1D42015C8B60014963F;
			productRefGroup = 84BBA1DE2015C8B60014963F /* Products */;
			projectDirPath = "";
			projectRoot = "";
			targets = (
				84BBA1DC2015C8B60014963F /* APMapAnnotation */,
				84BBA1F02015C8B60014963F /* APMapAnnotationTests */,
				84BBA1FB2015C8B60014963F /* APMapAnnotationUITests */,
			);
		};
/* End PBXProject section */

/* Begin PBXResourcesBuildPhase section */
		84BBA1DB2015C8B60014963F /* Resources */ = {
			isa = PBXResourcesBuildPhase;
			buildActionMask = 2147483647;
			files = (
				84BBA1EB2015C8B60014963F /* LaunchScreen.storyboard in Resources */,
				84BBA1E82015C8B60014963F /* Assets.xcassets in Resources */,
				84BBA1E62015C8B60014963F /* Main.storyboard in Resources */,
			);
			runOnlyForDeploymentPostprocessing = 0;
		};
		84BBA1EF2015C8B60014963F /* Resources */ = {
			isa = PBXResourcesBuildPhase;
			buildActionMask = 2147483647;
			files = (
			);
			runOnlyForDeploymentPostprocessing = 0;
		};
		84BBA1FA2015C8B60014963F /* Resources */ = {
			isa = PBXResourcesBuildPhase;
			buildActionMask = 2147483647;
			files = (
			);
			runOnlyForDeploymentPostprocessing = 0;
		};
/* End PBXResourcesBuildPhase section */

/* Begin PBXSourcesBuildPhase section */
		84BBA1D92015C8B60014963F /* Sources */ = {
			isa = PBXSourcesBuildPhase;
			buildActionMask = 2147483647;
			files = (
				84BBA1E32015C8B60014963F /* ViewController.swift in Sources */,
				84BBA1E12015C8B60014963F /* AppDelegate.swift in Sources */,
			);
			runOnlyForDeploymentPostprocessing = 0;
		};
		84BBA1ED2015C8B60014963F /* Sources */ = {
			isa = PBXSourcesBuildPhase;
			buildActionMask = 2147483647;
			files = (
				84BBA1F62015C8B60014963F /* APMapAnnotationTests.swift in Sources */,
			);
			runOnlyForDeploymentPostprocessing = 0;
		};
		84BBA1F82015C8B60014963F /* Sources */ = {
			isa = PBXSourcesBuildPhase;
			buildActionMask = 2147483647;
			files = (
				84BBA2012015C8B60014963F /* APMapAnnotationUITests.swift in Sources */,
			);
			runOnlyForDeploymentPostprocessing = 0;
		};
/* End PBXSourcesBuildPhase section */

/* Begin PBXTargetDependency section */
		84BBA1F32015C8B60014963F /* PBXTargetDependency */ = {
			isa = PBXTargetDependency;
			target = 84BBA1DC2015C8B60014963F /* APMapAnnotation */;
			targetProxy = 84BBA1F22015C8B60014963F /* PBXContainerItemProxy */;
		};
		84BBA1FE2015C8B60014963F /* PBXTargetDependency */ = {
			isa = PBXTargetDependency;
			target = 84BBA1DC2015C8B60014963F /* APMapAnnotation */;
			targetProxy = 84BBA1FD2015C8B60014963F /* PBXContainerItemProxy */;
		};
/* End PBXTargetDependency section */

/* Begin PBXVariantGroup section */
		84BBA1E42015C8B60014963F /* Main.storyboard */ = {
			isa = PBXVariantGroup;
			children = (
				84BBA1E52015C8B60014963F /* Base */,
			);
			name = Main.storyboard;
			sourceTree = "<group>";
		};
		84BBA1E92015C8B60014963F /* LaunchScreen.storyboard */ = {
			isa = PBXVariantGroup;
			children = (
				84BBA1EA2015C8B60014963F /* Base */,
			);
			name = LaunchScreen.storyboard;
			sourceTree = "<group>";
		};
/* End PBXVariantGroup section */

/* Begin XCBuildConfiguration section */
		84BBA2032015C8B60014963F /* Debug */ = {
			isa = XCBuildConfiguration;
			buildSettings = {
				ALWAYS_SEARCH_USER_PATHS = NO;
				CLANG_ANALYZER_NONNULL = YES;
				CLANG_ANALYZER_NUMBER_OBJECT_CONVERSION = YES_AGGRESSIVE;
				CLANG_CXX_LANGUAGE_STANDARD = "gnu++0x";
				CLANG_CXX_LIBRARY = "libc++";
				CLANG_ENABLE_MODULES = YES;
				CLANG_ENABLE_OBJC_ARC = YES;
				CLANG_WARN_BOOL_CONVERSION = YES;
				CLANG_WARN_CONSTANT_CONVERSION = YES;
				CLANG_WARN_DIRECT_OBJC_ISA_USAGE = YES_ERROR;
				CLANG_WARN_DOCUMENTATION_COMMENTS = YES;
				CLANG_WARN_EMPTY_BODY = YES;
				CLANG_WARN_ENUM_CONVERSION = YES;
				CLANG_WARN_INFINITE_RECURSION = YES;
				CLANG_WARN_INT_CONVERSION = YES;
				CLANG_WARN_OBJC_ROOT_CLASS = YES_ERROR;
				CLANG_WARN_SUSPICIOUS_MOVE = YES;
				CLANG_WARN_UNREACHABLE_CODE = YES;
				CLANG_WARN__DUPLICATE_METHOD_MATCH = YES;
				"CODE_SIGN_IDENTITY[sdk=iphoneos*]" = "iPhone Developer";
				COPY_PHASE_STRIP = NO;
				DEBUG_INFORMATION_FORMAT = dwarf;
				ENABLE_STRICT_OBJC_MSGSEND = YES;
				ENABLE_TESTABILITY = YES;
				GCC_C_LANGUAGE_STANDARD = gnu99;
				GCC_DYNAMIC_NO_PIC = NO;
				GCC_NO_COMMON_BLOCKS = YES;
				GCC_OPTIMIZATION_LEVEL = 0;
				GCC_PREPROCESSOR_DEFINITIONS = (
					"DEBUG=1",
					"$(inherited)",
				);
				GCC_WARN_64_TO_32_BIT_CONVERSION = YES;
				GCC_WARN_ABOUT_RETURN_TYPE = YES_ERROR;
				GCC_WARN_UNDECLARED_SELECTOR = YES;
				GCC_WARN_UNINITIALIZED_AUTOS = YES_AGGRESSIVE;
				GCC_WARN_UNUSED_FUNCTION = YES;
				GCC_WARN_UNUSED_VARIABLE = YES;
				IPHONEOS_DEPLOYMENT_TARGET = 10.3;
				MTL_ENABLE_DEBUG_INFO = YES;
				ONLY_ACTIVE_ARCH = YES;
				SDKROOT = iphoneos;
				SWIFT_ACTIVE_COMPILATION_CONDITIONS = DEBUG;
				SWIFT_OPTIMIZATION_LEVEL = "-Onone";
				TARGETED_DEVICE_FAMILY = "1,2";
			};
			name = Debug;
		};
		84BBA2042015C8B60014963F /* Release */ = {
			isa = XCBuildConfiguration;
			buildSettings = {
				ALWAYS_SEARCH_USER_PATHS = NO;
				CLANG_ANALYZER_NONNULL = YES;
				CLANG_ANALYZER_NUMBER_OBJECT_CONVERSION = YES_AGGRESSIVE;
				CLANG_CXX_LANGUAGE_STANDARD = "gnu++0x";
				CLANG_CXX_LIBRARY = "libc++";
				CLANG_ENABLE_MODULES = YES;
				CLANG_ENABLE_OBJC_ARC = YES;
				CLANG_WARN_BOOL_CONVERSION = YES;
				CLANG_WARN_CONSTANT_CONVERSION = YES;
				CLANG_WARN_DIRECT_OBJC_ISA_USAGE = YES_ERROR;
				CLANG_WARN_DOCUMENTATION_COMMENTS = YES;
				CLANG_WARN_EMPTY_BODY = YES;
				CLANG_WARN_ENUM_CONVERSION = YES;
				CLANG_WARN_INFINITE_RECURSION = YES;
				CLANG_WARN_INT_CONVERSION = YES;
				CLANG_WARN_OBJC_ROOT_CLASS = YES_ERROR;
				CLANG_WARN_SUSPICIOUS_MOVE = YES;
				CLANG_WARN_UNREACHABLE_CODE = YES;
				CLANG_WARN__DUPLICATE_METHOD_MATCH = YES;
				"CODE_SIGN_IDENTITY[sdk=iphoneos*]" = "iPhone Developer";
				COPY_PHASE_STRIP = NO;
				DEBUG_INFORMATION_FORMAT = "dwarf-with-dsym";
				ENABLE_NS_ASSERTIONS = NO;
				ENABLE_STRICT_OBJC_MSGSEND = YES;
				GCC_C_LANGUAGE_STANDARD = gnu99;
				GCC_NO_COMMON_BLOCKS = YES;
				GCC_WARN_64_TO_32_BIT_CONVERSION = YES;
				GCC_WARN_ABOUT_RETURN_TYPE = YES_ERROR;
				GCC_WARN_UNDECLARED_SELECTOR = YES;
				GCC_WARN_UNINITIALIZED_AUTOS = YES_AGGRESSIVE;
				GCC_WARN_UNUSED_FUNCTION = YES;
				GCC_WARN_UNUSED_VARIABLE = YES;
				IPHONEOS_DEPLOYMENT_TARGET = 10.3;
				MTL_ENABLE_DEBUG_INFO = NO;
				SDKROOT = iphoneos;
				SWIFT_OPTIMIZATION_LEVEL = "-Owholemodule";
				TARGETED_DEVICE_FAMILY = "1,2";
				VALIDATE_PRODUCT = YES;
			};
			name = Release;
		};
		84BBA2062015C8B60014963F /* Debug */ = {
			isa = XCBuildConfiguration;
			buildSettings = {
				ASSETCATALOG_COMPILER_APPICON_NAME = AppIcon;
				DEVELOPMENT_TEAM = GL2KD24SJM;
				INFOPLIST_FILE = APMapAnnotation/Info.plist;
				LD_RUNPATH_SEARCH_PATHS = "$(inherited) @executable_path/Frameworks";
				PRODUCT_BUNDLE_IDENTIFIER = com.ap.ypsilon.APMapAnnotation;
				PRODUCT_NAME = "$(TARGET_NAME)";
				SWIFT_VERSION = 3.0;
			};
			name = Debug;
		};
		84BBA2072015C8B60014963F /* Release */ = {
			isa = XCBuildConfiguration;
			buildSettings = {
				ASSETCATALOG_COMPILER_APPICON_NAME = AppIcon;
				DEVELOPMENT_TEAM = GL2KD24SJM;
				INFOPLIST_FILE = APMapAnnotation/Info.plist;
				LD_RUNPATH_SEARCH_PATHS = "$(inherited) @executable_path/Frameworks";
				PRODUCT_BUNDLE_IDENTIFIER = com.ap.ypsilon.APMapAnnotation;
				PRODUCT_NAME = "$(TARGET_NAME)";
				SWIFT_VERSION = 3.0;
			};
			name = Release;
		};
		84BBA2092015C8B60014963F /* Debug */ = {
			isa = XCBuildConfiguration;
			buildSettings = {
				ALWAYS_EMBED_SWIFT_STANDARD_LIBRARIES = YES;
				BUNDLE_LOADER = "$(TEST_HOST)";
				DEVELOPMENT_TEAM = GL2KD24SJM;
				INFOPLIST_FILE = APMapAnnotationTests/Info.plist;
				LD_RUNPATH_SEARCH_PATHS = "$(inherited) @executable_path/Frameworks @loader_path/Frameworks";
				PRODUCT_BUNDLE_IDENTIFIER = com.ap.ypsilon.APMapAnnotationTests;
				PRODUCT_NAME = "$(TARGET_NAME)";
				SWIFT_VERSION = 3.0;
				TEST_HOST = "$(BUILT_PRODUCTS_DIR)/APMapAnnotation.app/APMapAnnotation";
			};
			name = Debug;
		};
		84BBA20A2015C8B60014963F /* Release */ = {
			isa = XCBuildConfiguration;
			buildSettings = {
				ALWAYS_EMBED_SWIFT_STANDARD_LIBRARIES = YES;
				BUNDLE_LOADER = "$(TEST_HOST)";
				DEVELOPMENT_TEAM = GL2KD24SJM;
				INFOPLIST_FILE = APMapAnnotationTests/Info.plist;
				LD_RUNPATH_SEARCH_PATHS = "$(inherited) @executable_path/Frameworks @loader_path/Frameworks";
				PRODUCT_BUNDLE_IDENTIFIER = com.ap.ypsilon.APMapAnnotationTests;
				PRODUCT_NAME = "$(TARGET_NAME)";
				SWIFT_VERSION = 3.0;
				TEST_HOST = "$(BUILT_PRODUCTS_DIR)/APMapAnnotation.app/APMapAnnotation";
			};
			name = Release;
		};
		84BBA20C2015C8B60014963F /* Debug */ = {
			isa = XCBuildConfiguration;
			buildSettings = {
				ALWAYS_EMBED_SWIFT_STANDARD_LIBRARIES = YES;
				DEVELOPMENT_TEAM = GL2KD24SJM;
				INFOPLIST_FILE = APMapAnnotationUITests/Info.plist;
				LD_RUNPATH_SEARCH_PATHS = "$(inherited) @executable_path/Frameworks @loader_path/Frameworks";
				PRODUCT_BUNDLE_IDENTIFIER = com.ap.ypsilon.APMapAnnotationUITests;
				PRODUCT_NAME = "$(TARGET_NAME)";
				SWIFT_VERSION = 3.0;
				TEST_TARGET_NAME = APMapAnnotation;
			};
			name = Debug;
		};
		84BBA20D2015C8B60014963F /* Release */ = {
			isa = XCBuildConfiguration;
			buildSettings = {
				ALWAYS_EMBED_SWIFT_STANDARD_LIBRARIES = YES;
				DEVELOPMENT_TEAM = GL2KD24SJM;
				INFOPLIST_FILE = APMapAnnotationUITests/Info.plist;
				LD_RUNPATH_SEARCH_PATHS = "$(inherited) @executable_path/Frameworks @loader_path/Frameworks";
				PRODUCT_BUNDLE_IDENTIFIER = com.ap.ypsilon.APMapAnnotationUITests;
				PRODUCT_NAME = "$(TARGET_NAME)";
				SWIFT_VERSION = 3.0;
				TEST_TARGET_NAME = APMapAnnotation;
			};
			name = Release;
		};
/* End XCBuildConfiguration section */

/* Begin XCConfigurationList section */
		84BBA1D82015C8B60014963F /* Build configuration list for PBXProject "APMapAnnotation" */ = {
			isa = XCConfigurationList;
			buildConfigurations = (
				84BBA2032015C8B60014963F /* Debug */,
				84BBA2042015C8B60014963F /* Release */,
			);
			defaultConfigurationIsVisible = 0;
			defaultConfigurationName = Release;
		};
		84BBA2052015C8B60014963F /* Build configuration list for PBXNativeTarget "APMapAnnotation" */ = {
			isa = XCConfigurationList;
			buildConfigurations = (
				84BBA2062015C8B60014963F /* Debug */,
				84BBA2072015C8B60014963F /* Release */,
			);
			defaultConfigurationIsVisible = 0;
		};
		84BBA2082015C8B60014963F /* Build configuration list for PBXNativeTarget "APMapAnnotationTests" */ = {
			isa = XCConfigurationList;
			buildConfigurations = (
				84BBA2092015C8B60014963F /* Debug */,
				84BBA20A2015C8B60014963F /* Release */,
			);
			defaultConfigurationIsVisible = 0;
		};
		84BBA20B2015C8B60014963F /* Build configuration list for PBXNativeTarget "APMapAnnotationUITests" */ = {
			isa = XCConfigurationList;
			buildConfigurations = (
				84BBA20C2015C8B60014963F /* Debug */,
				84BBA20D2015C8B60014963F /* Release */,
			);
			defaultConfigurationIsVisible = 0;
		};
/* End XCConfigurationList section */
	};
	rootObject = 84BBA1D52015C8B60014963F /* Project object */;
}
